{
  "name": "mine",
  "version": "1.0.0",
  "lockfileVersion": 1,
  "requires": true,
  "dependencies": {
    "wx-promise-pro": {
      "version": "3.2.0",
      "resolved": "https://registry.npm.taobao.org/wx-promise-pro/download/wx-promise-pro-3.2.0.tgz",
      "integrity": "sha1-4Ji+krbgvpg85amAJ+QjgXqt064="
    },
    "wx-updata": {
      "version": "0.0.11",
      "resolved": "https://registry.npm.taobao.org/wx-updata/download/wx-updata-0.0.11.tgz",
      "integrity": "sha1-7+jushw/0Jjr+szEmtQZiOGmcA8="
    }
  }
}
